
Microsoft Visual Studio Solution File, Format Version 12.00
# Visual Studio Version 17
VisualStudioVersion = 17.14.36408.4
MinimumVisualStudioVersion = 10.0.40219.1
Project("{FAE04EC0-301F-11D3-BF4B-00C04F79EFBC}") = "CarSpec", "CarSpec\CarSpec\CarSpec.csproj", "{E20E33B1-8BCF-4223-B585-E08BFE02F9D2}"
EndProject
Project("{FAE04EC0-301F-11D3-BF4B-00C04F79EFBC}") = "CarSpec.Shared", "CarSpec\CarSpec.Shared\CarSpec.Shared.csproj", "{73B9196B-0224-45A1-85B8-B64C707C8EE0}"
EndProject
Project("{FAE04EC0-301F-11D3-BF4B-00C04F79EFBC}") = "CarSpec.Web", "CarSpec\CarSpec.Web\CarSpec.Web.csproj", "{1238BBBC-D009-4F72-90D3-E8EF6CA65F7E}"
EndProject
Project("{FAE04EC0-301F-11D3-BF4B-00C04F79EFBC}") = "CarSpec.Web.Client", "CarSpec\CarSpec.Web.Client\CarSpec.Web.Client.csproj", "{DA929350-2FDE-4455-B8FF-A3088375E51C}"
EndProject
Global
	GlobalSection(SolutionConfigurationPlatforms) = preSolution
		Debug|Any CPU = Debug|Any CPU
		Release|Any CPU = Release|Any CPU
	EndGlobalSection
	GlobalSection(ProjectConfigurationPlatforms) = postSolution
		{E20E33B1-8BCF-4223-B585-E08BFE02F9D2}.Debug|Any CPU.ActiveCfg = Debug|Any CPU
		{E20E33B1-8BCF-4223-B585-E08BFE02F9D2}.Debug|Any CPU.Build.0 = Debug|Any CPU
		{E20E33B1-8BCF-4223-B585-E08BFE02F9D2}.Debug|Any CPU.Deploy.0 = Debug|Any CPU
		{E20E33B1-8BCF-4223-B585-E08BFE02F9D2}.Release|Any CPU.ActiveCfg = Release|Any CPU
		{E20E33B1-8BCF-4223-B585-E08BFE02F9D2}.Release|Any CPU.Build.0 = Release|Any CPU
		{73B9196B-0224-45A1-85B8-B64C707C8EE0}.Debug|Any CPU.ActiveCfg = Debug|Any CPU
		{73B9196B-0224-45A1-85B8-B64C707C8EE0}.Debug|Any CPU.Build.0 = Debug|Any CPU
		{73B9196B-0224-45A1-85B8-B64C707C8EE0}.Release|Any CPU.ActiveCfg = Release|Any CPU
		{73B9196B-0224-45A1-85B8-B64C707C8EE0}.Release|Any CPU.Build.0 = Release|Any CPU
		{1238BBBC-D009-4F72-90D3-E8EF6CA65F7E}.Debug|Any CPU.ActiveCfg = Debug|Any CPU
		{1238BBBC-D009-4F72-90D3-E8EF6CA65F7E}.Debug|Any CPU.Build.0 = Debug|Any CPU
		{1238BBBC-D009-4F72-90D3-E8EF6CA65F7E}.Release|Any CPU.ActiveCfg = Release|Any CPU
		{1238BBBC-D009-4F72-90D3-E8EF6CA65F7E}.Release|Any CPU.Build.0 = Release|Any CPU
		{DA929350-2FDE-4455-B8FF-A3088375E51C}.Debug|Any CPU.ActiveCfg = Debug|Any CPU
		{DA929350-2FDE-4455-B8FF-A3088375E51C}.Debug|Any CPU.Build.0 = Debug|Any CPU
		{DA929350-2FDE-4455-B8FF-A3088375E51C}.Release|Any CPU.ActiveCfg = Release|Any CPU
		{DA929350-2FDE-4455-B8FF-A3088375E51C}.Release|Any CPU.Build.0 = Release|Any CPU
	EndGlobalSection
	GlobalSection(SolutionProperties) = preSolution
		HideSolutionNode = FALSE
	EndGlobalSection
	GlobalSection(ExtensibilityGlobals) = postSolution
		SolutionGuid = {A6790177-901C-4D3B-97B1-F7077026193D}
	EndGlobalSection
EndGlobal
