
Microsoft Visual Studio Solution File, Format Version 12.00
# Visual Studio Version 17
VisualStudioVersion = 17.14.36518.9 d17.14
MinimumVisualStudioVersion = 10.0.40219.1
Project("{FAE04EC0-301F-11D3-BF4B-00C04F79EFBC}") = "CarSpec", "CarSpec\CarSpec.csproj", "{1A8C9207-D9C3-4EB5-9C41-3A3E9FB4FE9A}"
EndProject
Global
	GlobalSection(SolutionConfigurationPlatforms) = preSolution
		Debug|Any CPU = Debug|Any CPU
		Release|Any CPU = Release|Any CPU
	EndGlobalSection
	GlobalSection(ProjectConfigurationPlatforms) = postSolution
		{1A8C9207-D9C3-4EB5-9C41-3A3E9FB4FE9A}.Debug|Any CPU.ActiveCfg = Debug|Any CPU
		{1A8C9207-D9C3-4EB5-9C41-3A3E9FB4FE9A}.Debug|Any CPU.Build.0 = Debug|Any CPU
		{1A8C9207-D9C3-4EB5-9C41-3A3E9FB4FE9A}.Debug|Any CPU.Deploy.0 = Debug|Any CPU
		{1A8C9207-D9C3-4EB5-9C41-3A3E9FB4FE9A}.Release|Any CPU.ActiveCfg = Release|Any CPU
		{1A8C9207-D9C3-4EB5-9C41-3A3E9FB4FE9A}.Release|Any CPU.Build.0 = Release|Any CPU
		{1A8C9207-D9C3-4EB5-9C41-3A3E9FB4FE9A}.Release|Any CPU.Deploy.0 = Release|Any CPU
	EndGlobalSection
	GlobalSection(SolutionProperties) = preSolution
		HideSolutionNode = FALSE
	EndGlobalSection
	GlobalSection(ExtensibilityGlobals) = postSolution
		SolutionGuid = {CC122C18-14BA-4F43-9ECF-5F12A4F3BE30}
	EndGlobalSection
EndGlobal
